
Microsoft Visual Studio Solution File, Format Version 12.00
# Visual Studio Version 17
VisualStudioVersion = 17.11.35312.102
MinimumVisualStudioVersion = 10.0.40219.1
Project("{FAE04EC0-301F-11D3-BF4B-00C04F79EFBC}") = "Lab", "Lab\Lab.csproj", "{96D8898E-FA76-4648-9189-72DECA319DD5}"
EndProject
Project("{FAE04EC0-301F-11D3-BF4B-00C04F79EFBC}") = "Tests", "Tests\Tests.csproj", "{B38C6D53-ED2F-4AAC-BDD9-6DD20EEBDB61}"
EndProject
Global
	GlobalSection(SolutionConfigurationPlatforms) = preSolution
		Debug|Any CPU = Debug|Any CPU
		Release|Any CPU = Release|Any CPU
	EndGlobalSection
	GlobalSection(ProjectConfigurationPlatforms) = postSolution
		{96D8898E-FA76-4648-9189-72DECA319DD5}.Debug|Any CPU.ActiveCfg = Debug|Any CPU
		{96D8898E-FA76-4648-9189-72DECA319DD5}.Debug|Any CPU.Build.0 = Debug|Any CPU
		{96D8898E-FA76-4648-9189-72DECA319DD5}.Release|Any CPU.ActiveCfg = Release|Any CPU
		{96D8898E-FA76-4648-9189-72DECA319DD5}.Release|Any CPU.Build.0 = Release|Any CPU
		{B38C6D53-ED2F-4AAC-BDD9-6DD20EEBDB61}.Debug|Any CPU.ActiveCfg = Debug|Any CPU
		{B38C6D53-ED2F-4AAC-BDD9-6DD20EEBDB61}.Debug|Any CPU.Build.0 = Debug|Any CPU
		{B38C6D53-ED2F-4AAC-BDD9-6DD20EEBDB61}.Release|Any CPU.ActiveCfg = Release|Any CPU
		{B38C6D53-ED2F-4AAC-BDD9-6DD20EEBDB61}.Release|Any CPU.Build.0 = Release|Any CPU
	EndGlobalSection
	GlobalSection(SolutionProperties) = preSolution
		HideSolutionNode = FALSE
	EndGlobalSection
	GlobalSection(ExtensibilityGlobals) = postSolution
		SolutionGuid = {B7C6A00D-9CDB-4324-8D02-7E76AFE065E9}
	EndGlobalSection
EndGlobal
