
Microsoft Visual Studio Solution File, Format Version 12.00
# Visual Studio Version 17
VisualStudioVersion = 17.11.35312.102
MinimumVisualStudioVersion = 10.0.40219.1
Project("{FAE04EC0-301F-11D3-BF4B-00C04F79EFBC}") = "Lab4", "Lab4.csproj", "{5991D636-FE38-4FE2-AA6E-3D8EF5814440}"
EndProject
Global
	GlobalSection(SolutionConfigurationPlatforms) = preSolution
		Debug|Any CPU = Debug|Any CPU
		Release|Any CPU = Release|Any CPU
	EndGlobalSection
	GlobalSection(ProjectConfigurationPlatforms) = postSolution
		{5991D636-FE38-4FE2-AA6E-3D8EF5814440}.Debug|Any CPU.ActiveCfg = Debug|Any CPU
		{5991D636-FE38-4FE2-AA6E-3D8EF5814440}.Debug|Any CPU.Build.0 = Debug|Any CPU
		{5991D636-FE38-4FE2-AA6E-3D8EF5814440}.Release|Any CPU.ActiveCfg = Release|Any CPU
		{5991D636-FE38-4FE2-AA6E-3D8EF5814440}.Release|Any CPU.Build.0 = Release|Any CPU
	EndGlobalSection
	GlobalSection(SolutionProperties) = preSolution
		HideSolutionNode = FALSE
	EndGlobalSection
	GlobalSection(ExtensibilityGlobals) = postSolution
		SolutionGuid = {94C86F4B-7822-416B-BAAB-9603A9B39A7E}
	EndGlobalSection
EndGlobal
